
Microsoft Visual Studio Solution File, Format Version 12.00
# Visual Studio 15
VisualStudioVersion = 15.0.28010.0
MinimumVisualStudioVersion = 10.0.40219.1
Project("{FAE04EC0-301F-11D3-BF4B-00C04F79EFBC}") = "BaseFrame.DAL", "BaseFrame.DAL\BaseFrame.DAL.csproj", "{C34D5075-E594-4A04-824F-92707456705D}"
EndProject
Project("{2150E333-8FDC-42A3-9474-1A3956D46DE8}") = "DAL", "DAL", "{F40A1B4B-CBDC-4378-BAE9-E9DD4057F381}"
EndProject
Project("{FAE04EC0-301F-11D3-BF4B-00C04F79EFBC}") = "BaseFrame.IDAL", "BaseFrame.IDAL\BaseFrame.IDAL.csproj", "{B8AA9444-224E-428F-A13A-1CA24CDAF108}"
EndProject
Project("{2150E333-8FDC-42A3-9474-1A3956D46DE8}") = "Service", "Service", "{BC04D266-CCD8-4F8A-A3A8-E674E36C0D0B}"
EndProject
Project("{FAE04EC0-301F-11D3-BF4B-00C04F79EFBC}") = "BaseFrame.Service", "BaseFrame.Service\BaseFrame.Service.csproj", "{B8361033-324E-408B-8F55-DB01A288E172}"
EndProject
Project("{FAE04EC0-301F-11D3-BF4B-00C04F79EFBC}") = "BaseFrame.IService", "BaseFrame.IService\BaseFrame.IService.csproj", "{41FC697F-ACA0-4F5F-B107-1768DEA6FCBF}"
EndProject
Project("{2150E333-8FDC-42A3-9474-1A3956D46DE8}") = "Common", "Common", "{DA2DF020-2DF0-47E3-9346-E2A1ADE10995}"
EndProject
Project("{2150E333-8FDC-42A3-9474-1A3956D46DE8}") = "Model", "Model", "{A5DC4AAE-6A60-4F55-8639-D47B72800389}"
EndProject
Project("{FAE04EC0-301F-11D3-BF4B-00C04F79EFBC}") = "BaseFrame.Entity", "BaseFrame.Entity\BaseFrame.Entity.csproj", "{3B510E74-7CF2-4A44-A5E1-C270C52F8A5C}"
EndProject
Project("{FAE04EC0-301F-11D3-BF4B-00C04F79EFBC}") = "BaseFrame.ViewModel", "BaseFrame.ViewModel\BaseFrame.ViewModel.csproj", "{9A6FCDBF-2793-4A47-8CD8-7E59A25D6653}"
EndProject
Project("{2150E333-8FDC-42A3-9474-1A3956D46DE8}") = "UI", "UI", "{A473670A-F9B4-45B3-AE9B-1DC5D972AC1F}"
EndProject
Project("{FAE04EC0-301F-11D3-BF4B-00C04F79EFBC}") = "BaseFrame.Web", "BaseFrame.Web\BaseFrame.Web.csproj", "{BBF945A4-BDD7-4891-8041-12D1C4A041D8}"
EndProject
Project("{FAE04EC0-301F-11D3-BF4B-00C04F79EFBC}") = "BaseFrame.Web.Tests", "BaseFrame.Web.Tests\BaseFrame.Web.Tests.csproj", "{998C50CC-1C48-48B4-8E7F-B6102AE7B140}"
EndProject
Project("{2150E333-8FDC-42A3-9474-1A3956D46DE8}") = "Tests", "Tests", "{167D9F20-EE2E-4581-B591-7FA4579DD093}"
EndProject
Project("{FAE04EC0-301F-11D3-BF4B-00C04F79EFBC}") = "BaseFrame.WebApi", "BaseFrame.WebApi\BaseFrame.WebApi.csproj", "{A6262DF1-420B-4254-97D6-426AD2F0080D}"
EndProject
Project("{FAE04EC0-301F-11D3-BF4B-00C04F79EFBC}") = "BaseFrame.WebApi.Tests", "BaseFrame.WebApi.Tests\BaseFrame.WebApi.Tests.csproj", "{D59AA8E6-C131-499E-B25C-65B46BB233C4}"
EndProject
Project("{FAE04EC0-301F-11D3-BF4B-00C04F79EFBC}") = "BaseFrame.WinSrv", "BaseFrame.WinSrv\BaseFrame.WinSrv.csproj", "{52E819D2-3329-4919-9982-7BF3BB6604A6}"
EndProject
Project("{FAE04EC0-301F-11D3-BF4B-00C04F79EFBC}") = "BaseFrame.Common", "BaseFrame.Common\BaseFrame.Common.csproj", "{6FC3866C-A03A-4CC1-872B-326C9265EBE5}"
EndProject
Global
	GlobalSection(SolutionConfigurationPlatforms) = preSolution
		Debug|Any CPU = Debug|Any CPU
		Release|Any CPU = Release|Any CPU
	EndGlobalSection
	GlobalSection(ProjectConfigurationPlatforms) = postSolution
		{C34D5075-E594-4A04-824F-92707456705D}.Debug|Any CPU.ActiveCfg = Debug|Any CPU
		{C34D5075-E594-4A04-824F-92707456705D}.Debug|Any CPU.Build.0 = Debug|Any CPU
		{C34D5075-E594-4A04-824F-92707456705D}.Release|Any CPU.ActiveCfg = Release|Any CPU
		{C34D5075-E594-4A04-824F-92707456705D}.Release|Any CPU.Build.0 = Release|Any CPU
		{B8AA9444-224E-428F-A13A-1CA24CDAF108}.Debug|Any CPU.ActiveCfg = Debug|Any CPU
		{B8AA9444-224E-428F-A13A-1CA24CDAF108}.Debug|Any CPU.Build.0 = Debug|Any CPU
		{B8AA9444-224E-428F-A13A-1CA24CDAF108}.Release|Any CPU.ActiveCfg = Release|Any CPU
		{B8AA9444-224E-428F-A13A-1CA24CDAF108}.Release|Any CPU.Build.0 = Release|Any CPU
		{B8361033-324E-408B-8F55-DB01A288E172}.Debug|Any CPU.ActiveCfg = Debug|Any CPU
		{B8361033-324E-408B-8F55-DB01A288E172}.Debug|Any CPU.Build.0 = Debug|Any CPU
		{B8361033-324E-408B-8F55-DB01A288E172}.Release|Any CPU.ActiveCfg = Release|Any CPU
		{B8361033-324E-408B-8F55-DB01A288E172}.Release|Any CPU.Build.0 = Release|Any CPU
		{41FC697F-ACA0-4F5F-B107-1768DEA6FCBF}.Debug|Any CPU.ActiveCfg = Debug|Any CPU
		{41FC697F-ACA0-4F5F-B107-1768DEA6FCBF}.Debug|Any CPU.Build.0 = Debug|Any CPU
		{41FC697F-ACA0-4F5F-B107-1768DEA6FCBF}.Release|Any CPU.ActiveCfg = Release|Any CPU
		{41FC697F-ACA0-4F5F-B107-1768DEA6FCBF}.Release|Any CPU.Build.0 = Release|Any CPU
		{3B510E74-7CF2-4A44-A5E1-C270C52F8A5C}.Debug|Any CPU.ActiveCfg = Debug|Any CPU
		{3B510E74-7CF2-4A44-A5E1-C270C52F8A5C}.Debug|Any CPU.Build.0 = Debug|Any CPU
		{3B510E74-7CF2-4A44-A5E1-C270C52F8A5C}.Release|Any CPU.ActiveCfg = Release|Any CPU
		{3B510E74-7CF2-4A44-A5E1-C270C52F8A5C}.Release|Any CPU.Build.0 = Release|Any CPU
		{9A6FCDBF-2793-4A47-8CD8-7E59A25D6653}.Debug|Any CPU.ActiveCfg = Debug|Any CPU
		{9A6FCDBF-2793-4A47-8CD8-7E59A25D6653}.Debug|Any CPU.Build.0 = Debug|Any CPU
		{9A6FCDBF-2793-4A47-8CD8-7E59A25D6653}.Release|Any CPU.ActiveCfg = Release|Any CPU
		{9A6FCDBF-2793-4A47-8CD8-7E59A25D6653}.Release|Any CPU.Build.0 = Release|Any CPU
		{BBF945A4-BDD7-4891-8041-12D1C4A041D8}.Debug|Any CPU.ActiveCfg = Debug|Any CPU
		{BBF945A4-BDD7-4891-8041-12D1C4A041D8}.Debug|Any CPU.Build.0 = Debug|Any CPU
		{BBF945A4-BDD7-4891-8041-12D1C4A041D8}.Release|Any CPU.ActiveCfg = Release|Any CPU
		{BBF945A4-BDD7-4891-8041-12D1C4A041D8}.Release|Any CPU.Build.0 = Release|Any CPU
		{998C50CC-1C48-48B4-8E7F-B6102AE7B140}.Debug|Any CPU.ActiveCfg = Debug|Any CPU
		{998C50CC-1C48-48B4-8E7F-B6102AE7B140}.Debug|Any CPU.Build.0 = Debug|Any CPU
		{998C50CC-1C48-48B4-8E7F-B6102AE7B140}.Release|Any CPU.ActiveCfg = Release|Any CPU
		{998C50CC-1C48-48B4-8E7F-B6102AE7B140}.Release|Any CPU.Build.0 = Release|Any CPU
		{A6262DF1-420B-4254-97D6-426AD2F0080D}.Debug|Any CPU.ActiveCfg = Debug|Any CPU
		{A6262DF1-420B-4254-97D6-426AD2F0080D}.Debug|Any CPU.Build.0 = Debug|Any CPU
		{A6262DF1-420B-4254-97D6-426AD2F0080D}.Release|Any CPU.ActiveCfg = Release|Any CPU
		{A6262DF1-420B-4254-97D6-426AD2F0080D}.Release|Any CPU.Build.0 = Release|Any CPU
		{D59AA8E6-C131-499E-B25C-65B46BB233C4}.Debug|Any CPU.ActiveCfg = Debug|Any CPU
		{D59AA8E6-C131-499E-B25C-65B46BB233C4}.Debug|Any CPU.Build.0 = Debug|Any CPU
		{D59AA8E6-C131-499E-B25C-65B46BB233C4}.Release|Any CPU.ActiveCfg = Release|Any CPU
		{D59AA8E6-C131-499E-B25C-65B46BB233C4}.Release|Any CPU.Build.0 = Release|Any CPU
		{52E819D2-3329-4919-9982-7BF3BB6604A6}.Debug|Any CPU.ActiveCfg = Debug|Any CPU
		{52E819D2-3329-4919-9982-7BF3BB6604A6}.Debug|Any CPU.Build.0 = Debug|Any CPU
		{52E819D2-3329-4919-9982-7BF3BB6604A6}.Release|Any CPU.ActiveCfg = Release|Any CPU
		{52E819D2-3329-4919-9982-7BF3BB6604A6}.Release|Any CPU.Build.0 = Release|Any CPU
		{6FC3866C-A03A-4CC1-872B-326C9265EBE5}.Debug|Any CPU.ActiveCfg = Debug|Any CPU
		{6FC3866C-A03A-4CC1-872B-326C9265EBE5}.Debug|Any CPU.Build.0 = Debug|Any CPU
		{6FC3866C-A03A-4CC1-872B-326C9265EBE5}.Release|Any CPU.ActiveCfg = Release|Any CPU
		{6FC3866C-A03A-4CC1-872B-326C9265EBE5}.Release|Any CPU.Build.0 = Release|Any CPU
	EndGlobalSection
	GlobalSection(SolutionProperties) = preSolution
		HideSolutionNode = FALSE
	EndGlobalSection
	GlobalSection(NestedProjects) = preSolution
		{C34D5075-E594-4A04-824F-92707456705D} = {F40A1B4B-CBDC-4378-BAE9-E9DD4057F381}
		{B8AA9444-224E-428F-A13A-1CA24CDAF108} = {F40A1B4B-CBDC-4378-BAE9-E9DD4057F381}
		{B8361033-324E-408B-8F55-DB01A288E172} = {BC04D266-CCD8-4F8A-A3A8-E674E36C0D0B}
		{41FC697F-ACA0-4F5F-B107-1768DEA6FCBF} = {BC04D266-CCD8-4F8A-A3A8-E674E36C0D0B}
		{3B510E74-7CF2-4A44-A5E1-C270C52F8A5C} = {A5DC4AAE-6A60-4F55-8639-D47B72800389}
		{9A6FCDBF-2793-4A47-8CD8-7E59A25D6653} = {A5DC4AAE-6A60-4F55-8639-D47B72800389}
		{BBF945A4-BDD7-4891-8041-12D1C4A041D8} = {A473670A-F9B4-45B3-AE9B-1DC5D972AC1F}
		{998C50CC-1C48-48B4-8E7F-B6102AE7B140} = {167D9F20-EE2E-4581-B591-7FA4579DD093}
		{A6262DF1-420B-4254-97D6-426AD2F0080D} = {A473670A-F9B4-45B3-AE9B-1DC5D972AC1F}
		{D59AA8E6-C131-499E-B25C-65B46BB233C4} = {167D9F20-EE2E-4581-B591-7FA4579DD093}
		{52E819D2-3329-4919-9982-7BF3BB6604A6} = {A473670A-F9B4-45B3-AE9B-1DC5D972AC1F}
		{6FC3866C-A03A-4CC1-872B-326C9265EBE5} = {DA2DF020-2DF0-47E3-9346-E2A1ADE10995}
	EndGlobalSection
	GlobalSection(ExtensibilityGlobals) = postSolution
		SolutionGuid = {F3D44654-6139-474E-A035-276E0B77F84E}
	EndGlobalSection
EndGlobal
